
Microsoft Visual Studio Solution File, Format Version 12.00
# Visual Studio 2013
VisualStudioVersion = 12.0.21005.1
MinimumVisualStudioVersion = 10.0.40219.1
Project("{FAE04EC0-301F-11D3-BF4B-00C04F79EFBC}") = "parcial2", "parcial2\parcial2.csproj", "{2D0DD7A0-B8A6-402A-B589-43722210E1F9}"
EndProject
Project("{FAE04EC0-301F-11D3-BF4B-00C04F79EFBC}") = "ClassLibrary1", "ClassLibrary1\ClassLibrary1.csproj", "{94EC991D-D063-4843-9A61-51A9C686BB0B}"
EndProject
Global
	GlobalSection(SolutionConfigurationPlatforms) = preSolution
		Debug|Any CPU = Debug|Any CPU
		Release|Any CPU = Release|Any CPU
	EndGlobalSection
	GlobalSection(ProjectConfigurationPlatforms) = postSolution
		{2D0DD7A0-B8A6-402A-B589-43722210E1F9}.Debug|Any CPU.ActiveCfg = Debug|Any CPU
		{2D0DD7A0-B8A6-402A-B589-43722210E1F9}.Debug|Any CPU.Build.0 = Debug|Any CPU
		{2D0DD7A0-B8A6-402A-B589-43722210E1F9}.Release|Any CPU.ActiveCfg = Release|Any CPU
		{2D0DD7A0-B8A6-402A-B589-43722210E1F9}.Release|Any CPU.Build.0 = Release|Any CPU
		{94EC991D-D063-4843-9A61-51A9C686BB0B}.Debug|Any CPU.ActiveCfg = Debug|Any CPU
		{94EC991D-D063-4843-9A61-51A9C686BB0B}.Debug|Any CPU.Build.0 = Debug|Any CPU
		{94EC991D-D063-4843-9A61-51A9C686BB0B}.Release|Any CPU.ActiveCfg = Release|Any CPU
		{94EC991D-D063-4843-9A61-51A9C686BB0B}.Release|Any CPU.Build.0 = Release|Any CPU
	EndGlobalSection
	GlobalSection(SolutionProperties) = preSolution
		HideSolutionNode = FALSE
	EndGlobalSection
EndGlobal
